// !$*UTF8*$!
{
	archiveVersion = 1;
	classes = {
	};
	objectVersion = 50;
	objects = {

/* Begin PBXBuildFile section */
		22C92D22209B75F800B4AC9E /* AppDelegate.swift in Sources */ = {isa = PBXBuildFile; fileRef = 22C92D21209B75F800B4AC9E /* AppDelegate.swift */; };
		22C92D24209B75F800B4AC9E /* ViewController.swift in Sources */ = {isa = PBXBuildFile; fileRef = 22C92D23209B75F800B4AC9E /* ViewController.swift */; };
		22C92D27209B75F800B4AC9E /* Main.storyboard in Resources */ = {isa = PBXBuildFile; fileRef = 22C92D25209B75F800B4AC9E /* Main.storyboard */; };
		22C92D29209B75F900B4AC9E /* Assets.xcassets in Resources */ = {isa = PBXBuildFile; fileRef = 22C92D28209B75F900B4AC9E /* Assets.xcassets */; };
		22C92D2C209B75F900B4AC9E /* LaunchScreen.storyboard in Resources */ = {isa = PBXBuildFile; fileRef = 22C92D2A209B75F900B4AC9E /* LaunchScreen.storyboard */; };
		22C92D31209B75F900B4AC9E /* game7 WatchKit App.app in Embed Watch Content */ = {isa = PBXBuildFile; fileRef = 22C92D30209B75F900B4AC9E /* game7 WatchKit App.app */; };
		22C92D37209B75F900B4AC9E /* Interface.storyboard in Resources */ = {isa = PBXBuildFile; fileRef = 22C92D35209B75F900B4AC9E /* Interface.storyboard */; };
		22C92D39209B75FA00B4AC9E /* Assets.xcassets in Resources */ = {isa = PBXBuildFile; fileRef = 22C92D38209B75FA00B4AC9E /* Assets.xcassets */; };
		22C92D40209B75FA00B4AC9E /* game7 WatchKit Extension.appex in Embed App Extensions */ = {isa = PBXBuildFile; fileRef = 22C92D3F209B75FA00B4AC9E /* game7 WatchKit Extension.appex */; settings = {ATTRIBUTES = (RemoveHeadersOnCopy, ); }; };
		22C92D45209B75FA00B4AC9E /* InterfaceController.swift in Sources */ = {isa = PBXBuildFile; fileRef = 22C92D44209B75FA00B4AC9E /* InterfaceController.swift */; };
		22C92D47209B75FA00B4AC9E /* ExtensionDelegate.swift in Sources */ = {isa = PBXBuildFile; fileRef = 22C92D46209B75FA00B4AC9E /* ExtensionDelegate.swift */; };
		22C92D49209B75FB00B4AC9E /* Assets.xcassets in Resources */ = {isa = PBXBuildFile; fileRef = 22C92D48209B75FB00B4AC9E /* Assets.xcassets */; };
/* End PBXBuildFile section */

/* Begin PBXContainerItemProxy section */
		22C92D32209B75F900B4AC9E /* PBXContainerItemProxy */ = {
			isa = PBXContainerItemProxy;
			containerPortal = 22C92D16209B75F800B4AC9E /* Project object */;
			proxyType = 1;
			remoteGlobalIDString = 22C92D2F209B75F900B4AC9E;
			remoteInfo = "game7 WatchKit App";
		};
		22C92D41209B75FA00B4AC9E /* PBXContainerItemProxy */ = {
			isa = PBXContainerItemProxy;
			containerPortal = 22C92D16209B75F800B4AC9E /* Project object */;
			proxyType = 1;
			remoteGlobalIDString = 22C92D3E209B75FA00B4AC9E;
			remoteInfo = "game7 WatchKit Extension";
		};
/* End PBXContainerItemProxy section */

/* Begin PBXCopyFilesBuildPhase section */
		22C92D50209B75FB00B4AC9E /* Embed App Extensions */ = {
			isa = PBXCopyFilesBuildPhase;
			buildActionMask = 2147483647;
			dstPath = "";
			dstSubfolderSpec = 13;
			files = (
				22C92D40209B75FA00B4AC9E /* game7 WatchKit Extension.appex in Embed App Extensions */,
			);
			name = "Embed App Extensions";
			runOnlyForDeploymentPostprocessing = 0;
		};
		22C92D54209B75FB00B4AC9E /* Embed Watch Content */ = {
			isa = PBXCopyFilesBuildPhase;
			buildActionMask = 2147483647;
			dstPath = "$(CONTENTS_FOLDER_PATH)/Watch";
			dstSubfolderSpec = 16;
			files = (
				22C92D31209B75F900B4AC9E /* game7 WatchKit App.app in Embed Watch Content */,
			);
			name = "Embed Watch Content";
			runOnlyForDeploymentPostprocessing = 0;
		};
/* End PBXCopyFilesBuildPhase section */

/* Begin PBXFileReference section */
		22C92D1E209B75F800B4AC9E /* game7.app */ = {isa = PBXFileReference; explicitFileType = wrapper.application; includeInIndex = 0; path = game7.app; sourceTree = BUILT_PRODUCTS_DIR; };
		22C92D21209B75F800B4AC9E /* AppDelegate.swift */ = {isa = PBXFileReference; lastKnownFileType = sourcecode.swift; path = AppDelegate.swift; sourceTree = "<group>"; };
		22C92D23209B75F800B4AC9E /* ViewController.swift */ = {isa = PBXFileReference; lastKnownFileType = sourcecode.swift; path = ViewController.swift; sourceTree = "<group>"; };
		22C92D26209B75F800B4AC9E /* Base */ = {isa = PBXFileReference; lastKnownFileType = file.storyboard; name = Base; path = Base.lproj/Main.storyboard; sourceTree = "<group>"; };
		22C92D28209B75F900B4AC9E /* Assets.xcassets */ = {isa = PBXFileReference; lastKnownFileType = folder.assetcatalog; path = Assets.xcassets; sourceTree = "<group>"; };
		22C92D2B209B75F900B4AC9E /* Base */ = {isa = PBXFileReference; lastKnownFileType = file.storyboard; name = Base; path = Base.lproj/LaunchScreen.storyboard; sourceTree = "<group>"; };
		22C92D2D209B75F900B4AC9E /* Info.plist */ = {isa = PBXFileReference; lastKnownFileType = text.plist.xml; path = Info.plist; sourceTree = "<group>"; };
		22C92D30209B75F900B4AC9E /* game7 WatchKit App.app */ = {isa = PBXFileReference; explicitFileType = wrapper.application; includeInIndex = 0; path = "game7 WatchKit App.app"; sourceTree = BUILT_PRODUCTS_DIR; };
		22C92D36209B75F900B4AC9E /* Base */ = {isa = PBXFileReference; lastKnownFileType = file.storyboard; name = Base; path = Base.lproj/Interface.storyboard; sourceTree = "<group>"; };
		22C92D38209B75FA00B4AC9E /* Assets.xcassets */ = {isa = PBXFileReference; lastKnownFileType = folder.assetcatalog; path = Assets.xcassets; sourceTree = "<group>"; };
		22C92D3A209B75FA00B4AC9E /* Info.plist */ = {isa = PBXFileReference; lastKnownFileType = text.plist.xml; path = Info.plist; sourceTree = "<group>"; };
		22C92D3F209B75FA00B4AC9E /* game7 WatchKit Extension.appex */ = {isa = PBXFileReference; explicitFileType = "wrapper.app-extension"; includeInIndex = 0; path = "game7 WatchKit Extension.appex"; sourceTree = BUILT_PRODUCTS_DIR; };
		22C92D44209B75FA00B4AC9E /* InterfaceController.swift */ = {isa = PBXFileReference; lastKnownFileType = sourcecode.swift; path = InterfaceController.swift; sourceTree = "<group>"; };
		22C92D46209B75FA00B4AC9E /* ExtensionDelegate.swift */ = {isa = PBXFileReference; lastKnownFileType = sourcecode.swift; path = ExtensionDelegate.swift; sourceTree = "<group>"; };
		22C92D48209B75FB00B4AC9E /* Assets.xcassets */ = {isa = PBXFileReference; lastKnownFileType = folder.assetcatalog; path = Assets.xcassets; sourceTree = "<group>"; };
		22C92D4A209B75FB00B4AC9E /* Info.plist */ = {isa = PBXFileReference; lastKnownFileType = text.plist.xml; path = Info.plist; sourceTree = "<group>"; };
/* End PBXFileReference section */

/* Begin PBXFrameworksBuildPhase section */
		22C92D1B209B75F800B4AC9E /* Frameworks */ = {
			isa = PBXFrameworksBuildPhase;
			buildActionMask = 2147483647;
			files = (
			);
			runOnlyForDeploymentPostprocessing = 0;
		};
		22C92D3C209B75FA00B4AC9E /* Frameworks */ = {
			isa = PBXFrameworksBuildPhase;
			buildActionMask = 2147483647;
			files = (
			);
			runOnlyForDeploymentPostprocessing = 0;
		};
/* End PBXFrameworksBuildPhase section */

/* Begin PBXGroup section */
		22C92D15209B75F800B4AC9E = {
			isa = PBXGroup;
			children = (
				22C92D20209B75F800B4AC9E /* game7 */,
				22C92D34209B75F900B4AC9E /* game7 WatchKit App */,
				22C92D43209B75FA00B4AC9E /* game7 WatchKit Extension */,
				22C92D1F209B75F800B4AC9E /* Products */,
			);
			sourceTree = "<group>";
		};
		22C92D1F209B75F800B4AC9E /* Products */ = {
			isa = PBXGroup;
			children = (
				22C92D1E209B75F800B4AC9E /* game7.app */,
				22C92D30209B75F900B4AC9E /* game7 WatchKit App.app */,
				22C92D3F209B75FA00B4AC9E /* game7 WatchKit Extension.appex */,
			);
			name = Products;
			sourceTree = "<group>";
		};
		22C92D20209B75F800B4AC9E /* game7 */ = {
			isa = PBXGroup;
			children = (
				22C92D21209B75F800B4AC9E /* AppDelegate.swift */,
				22C92D23209B75F800B4AC9E /* ViewController.swift */,
				22C92D25209B75F800B4AC9E /* Main.storyboard */,
				22C92D28209B75F900B4AC9E /* Assets.xcassets */,
				22C92D2A209B75F900B4AC9E /* LaunchScreen.storyboard */,
				22C92D2D209B75F900B4AC9E /* Info.plist */,
			);
			path = game7;
			sourceTree = "<group>";
		};
		22C92D34209B75F900B4AC9E /* game7 WatchKit App */ = {
			isa = PBXGroup;
			children = (
				22C92D35209B75F900B4AC9E /* Interface.storyboard */,
				22C92D38209B75FA00B4AC9E /* Assets.xcassets */,
				22C92D3A209B75FA00B4AC9E /* Info.plist */,
			);
			path = "game7 WatchKit App";
			sourceTree = "<group>";
		};
		22C92D43209B75FA00B4AC9E /* game7 WatchKit Extension */ = {
			isa = PBXGroup;
			children = (
				22C92D44209B75FA00B4AC9E /* InterfaceController.swift */,
				22C92D46209B75FA00B4AC9E /* ExtensionDelegate.swift */,
				22C92D48209B75FB00B4AC9E /* Assets.xcassets */,
				22C92D4A209B75FB00B4AC9E /* Info.plist */,
			);
			path = "game7 WatchKit Extension";
			sourceTree = "<group>";
		};
/* End PBXGroup section */

/* Begin PBXNativeTarget section */
		22C92D1D209B75F800B4AC9E /* game7 */ = {
			isa = PBXNativeTarget;
			buildConfigurationList = 22C92D55209B75FB00B4AC9E /* Build configuration list for PBXNativeTarget "game7" */;
			buildPhases = (
				22C92D1A209B75F800B4AC9E /* Sources */,
				22C92D1B209B75F800B4AC9E /* Frameworks */,
				22C92D1C209B75F800B4AC9E /* Resources */,
				22C92D54209B75FB00B4AC9E /* Embed Watch Content */,
			);
			buildRules = (
			);
			dependencies = (
				22C92D33209B75F900B4AC9E /* PBXTargetDependency */,
			);
			name = game7;
			productName = game7;
			productReference = 22C92D1E209B75F800B4AC9E /* game7.app */;
			productType = "com.apple.product-type.application";
		};
		22C92D2F209B75F900B4AC9E /* game7 WatchKit App */ = {
			isa = PBXNativeTarget;
			buildConfigurationList = 22C92D51209B75FB00B4AC9E /* Build configuration list for PBXNativeTarget "game7 WatchKit App" */;
			buildPhases = (
				22C92D2E209B75F900B4AC9E /* Resources */,
				22C92D50209B75FB00B4AC9E /* Embed App Extensions */,
			);
			buildRules = (
			);
			dependencies = (
				22C92D42209B75FA00B4AC9E /* PBXTargetDependency */,
			);
			name = "game7 WatchKit App";
			productName = "game7 WatchKit App";
			productReference = 22C92D30209B75F900B4AC9E /* game7 WatchKit App.app */;
			productType = "com.apple.product-type.application.watchapp2";
		};
		22C92D3E209B75FA00B4AC9E /* game7 WatchKit Extension */ = {
			isa = PBXNativeTarget;
			buildConfigurationList = 22C92D4D209B75FB00B4AC9E /* Build configuration list for PBXNativeTarget "game7 WatchKit Extension" */;
			buildPhases = (
				22C92D3B209B75FA00B4AC9E /* Sources */,
				22C92D3C209B75FA00B4AC9E /* Frameworks */,
				22C92D3D209B75FA00B4AC9E /* Resources */,
			);
			buildRules = (
			);
			dependencies = (
			);
			name = "game7 WatchKit Extension";
			productName = "game7 WatchKit Extension";
			productReference = 22C92D3F209B75FA00B4AC9E /* game7 WatchKit Extension.appex */;
			productType = "com.apple.product-type.watchkit2-extension";
		};
/* End PBXNativeTarget section */

/* Begin PBXProject section */
		22C92D16209B75F800B4AC9E /* Project object */ = {
			isa = PBXProject;
			attributes = {
				LastSwiftUpdateCheck = 0930;
				LastUpgradeCheck = 0930;
				ORGANIZATIONNAME = LILI;
				TargetAttributes = {
					22C92D1D209B75F800B4AC9E = {
						CreatedOnToolsVersion = 9.3;
					};
					22C92D2F209B75F900B4AC9E = {
						CreatedOnToolsVersion = 9.3;
					};
					22C92D3E209B75FA00B4AC9E = {
						CreatedOnToolsVersion = 9.3;
					};
				};
			};
			buildConfigurationList = 22C92D19209B75F800B4AC9E /* Build configuration list for PBXProject "game7" */;
			compatibilityVersion = "Xcode 9.3";
			developmentRegion = en;
			hasScannedForEncodings = 0;
			knownRegions = (
				en,
				Base,
			);
			mainGroup = 22C92D15209B75F800B4AC9E;
			productRefGroup = 22C92D1F209B75F800B4AC9E /* Products */;
			projectDirPath = "";
			projectRoot = "";
			targets = (
				22C92D1D209B75F800B4AC9E /* game7 */,
				22C92D2F209B75F900B4AC9E /* game7 WatchKit App */,
				22C92D3E209B75FA00B4AC9E /* game7 WatchKit Extension */,
			);
		};
/* End PBXProject section */

/* Begin PBXResourcesBuildPhase section */
		22C92D1C209B75F800B4AC9E /* Resources */ = {
			isa = PBXResourcesBuildPhase;
			buildActionMask = 2147483647;
			files = (
				22C92D2C209B75F900B4AC9E /* LaunchScreen.storyboard in Resources */,
				22C92D29209B75F900B4AC9E /* Assets.xcassets in Resources */,
				22C92D27209B75F800B4AC9E /* Main.storyboard in Resources */,
			);
			runOnlyForDeploymentPostprocessing = 0;
		};
		22C92D2E209B75F900B4AC9E /* Resources */ = {
			isa = PBXResourcesBuildPhase;
			buildActionMask = 2147483647;
			files = (
				22C92D39209B75FA00B4AC9E /* Assets.xcassets in Resources */,
				22C92D37209B75F900B4AC9E /* Interface.storyboard in Resources */,
			);
			runOnlyForDeploymentPostprocessing = 0;
		};
		22C92D3D209B75FA00B4AC9E /* Resources */ = {
			isa = PBXResourcesBuildPhase;
			buildActionMask = 2147483647;
			files = (
				22C92D49209B75FB00B4AC9E /* Assets.xcassets in Resources */,
			);
			runOnlyForDeploymentPostprocessing = 0;
		};
/* End PBXResourcesBuildPhase section */

/* Begin PBXSourcesBuildPhase section */
		22C92D1A209B75F800B4AC9E /* Sources */ = {
			isa = PBXSourcesBuildPhase;
			buildActionMask = 2147483647;
			files = (
				22C92D24209B75F800B4AC9E /* ViewController.swift in Sources */,
				22C92D22209B75F800B4AC9E /* AppDelegate.swift in Sources */,
			);
			runOnlyForDeploymentPostprocessing = 0;
		};
		22C92D3B209B75FA00B4AC9E /* Sources */ = {
			isa = PBXSourcesBuildPhase;
			buildActionMask = 2147483647;
			files = (
				22C92D47209B75FA00B4AC9E /* ExtensionDelegate.swift in Sources */,
				22C92D45209B75FA00B4AC9E /* InterfaceController.swift in Sources */,
			);
			runOnlyForDeploymentPostprocessing = 0;
		};
/* End PBXSourcesBuildPhase section */

/* Begin PBXTargetDependency section */
		22C92D33209B75F900B4AC9E /* PBXTargetDependency */ = {
			isa = PBXTargetDependency;
			target = 22C92D2F209B75F900B4AC9E /* game7 WatchKit App */;
			targetProxy = 22C92D32209B75F900B4AC9E /* PBXContainerItemProxy */;
		};
		22C92D42209B75FA00B4AC9E /* PBXTargetDependency */ = {
			isa = PBXTargetDependency;
			target = 22C92D3E209B75FA00B4AC9E /* game7 WatchKit Extension */;
			targetProxy = 22C92D41209B75FA00B4AC9E /* PBXContainerItemProxy */;
		};
/* End PBXTargetDependency section */

/* Begin PBXVariantGroup section */
		22C92D25209B75F800B4AC9E /* Main.storyboard */ = {
			isa = PBXVariantGroup;
			children = (
				22C92D26209B75F800B4AC9E /* Base */,
			);
			name = Main.storyboard;
			sourceTree = "<group>";
		};
		22C92D2A209B75F900B4AC9E /* LaunchScreen.storyboard */ = {
			isa = PBXVariantGroup;
			children = (
				22C92D2B209B75F900B4AC9E /* Base */,
			);
			name = LaunchScreen.storyboard;
			sourceTree = "<group>";
		};
		22C92D35209B75F900B4AC9E /* Interface.storyboard */ = {
			isa = PBXVariantGroup;
			children = (
				22C92D36209B75F900B4AC9E /* Base */,
			);
			name = Interface.storyboard;
			sourceTree = "<group>";
		};
/* End PBXVariantGroup section */

/* Begin XCBuildConfiguration section */
		22C92D4B209B75FB00B4AC9E /* Debug */ = {
			isa = XCBuildConfiguration;
			buildSettings = {
				ALWAYS_SEARCH_USER_PATHS = NO;
				CLANG_ANALYZER_NONNULL = YES;
				CLANG_ANALYZER_NUMBER_OBJECT_CONVERSION = YES_AGGRESSIVE;
				CLANG_CXX_LANGUAGE_STANDARD = "gnu++14";
				CLANG_CXX_LIBRARY = "libc++";
				CLANG_ENABLE_MODULES = YES;
				CLANG_ENABLE_OBJC_ARC = YES;
				CLANG_ENABLE_OBJC_WEAK = YES;
				CLANG_WARN_BLOCK_CAPTURE_AUTORELEASING = YES;
				CLANG_WARN_BOOL_CONVERSION = YES;
				CLANG_WARN_COMMA = YES;
				CLANG_WARN_CONSTANT_CONVERSION = YES;
				CLANG_WARN_DEPRECATED_OBJC_IMPLEMENTATIONS = YES;
				CLANG_WARN_DIRECT_OBJC_ISA_USAGE = YES_ERROR;
				CLANG_WARN_DOCUMENTATION_COMMENTS = YES;
				CLANG_WARN_EMPTY_BODY = YES;
				CLANG_WARN_ENUM_CONVERSION = YES;
				CLANG_WARN_INFINITE_RECURSION = YES;
				CLANG_WARN_INT_CONVERSION = YES;
				CLANG_WARN_NON_LITERAL_NULL_CONVERSION = YES;
				CLANG_WARN_OBJC_IMPLICIT_RETAIN_SELF = YES;
				CLANG_WARN_OBJC_LITERAL_CONVERSION = YES;
				CLANG_WARN_OBJC_ROOT_CLASS = YES_ERROR;
				CLANG_WARN_RANGE_LOOP_ANALYSIS = YES;
				CLANG_WARN_STRICT_PROTOTYPES = YES;
				CLANG_WARN_SUSPICIOUS_MOVE = YES;
				CLANG_WARN_UNGUARDED_AVAILABILITY = YES_AGGRESSIVE;
				CLANG_WARN_UNREACHABLE_CODE = YES;
				CLANG_WARN__DUPLICATE_METHOD_MATCH = YES;
				CODE_SIGN_IDENTITY = "iPhone Developer";
				COPY_PHASE_STRIP = NO;
				DEBUG_INFORMATION_FORMAT = dwarf;
				ENABLE_STRICT_OBJC_MSGSEND = YES;
				ENABLE_TESTABILITY = YES;
				GCC_C_LANGUAGE_STANDARD = gnu11;
				GCC_DYNAMIC_NO_PIC = NO;
				GCC_NO_COMMON_BLOCKS = YES;
				GCC_OPTIMIZATION_LEVEL = 0;
				GCC_PREPROCESSOR_DEFINITIONS = (
					"DEBUG=1",
					"$(inherited)",
				);
				GCC_WARN_64_TO_32_BIT_CONVERSION = YES;
				GCC_WARN_ABOUT_RETURN_TYPE = YES_ERROR;
				GCC_WARN_UNDECLARED_SELECTOR = YES;
				GCC_WARN_UNINITIALIZED_AUTOS = YES_AGGRESSIVE;
				GCC_WARN_UNUSED_FUNCTION = YES;
				GCC_WARN_UNUSED_VARIABLE = YES;
				IPHONEOS_DEPLOYMENT_TARGET = 11.3;
				MTL_ENABLE_DEBUG_INFO = YES;
				ONLY_ACTIVE_ARCH = YES;
				SDKROOT = iphoneos;
				SWIFT_ACTIVE_COMPILATION_CONDITIONS = DEBUG;
				SWIFT_OPTIMIZATION_LEVEL = "-Onone";
			};
			name = Debug;
		};
		22C92D4C209B75FB00B4AC9E /* Release */ = {
			isa = XCBuildConfiguration;
			buildSettings = {
				ALWAYS_SEARCH_USER_PATHS = NO;
				CLANG_ANALYZER_NONNULL = YES;
				CLANG_ANALYZER_NUMBER_OBJECT_CONVERSION = YES_AGGRESSIVE;
				CLANG_CXX_LANGUAGE_STANDARD = "gnu++14";
				CLANG_CXX_LIBRARY = "libc++";
				CLANG_ENABLE_MODULES = YES;
				CLANG_ENABLE_OBJC_ARC = YES;
				CLANG_ENABLE_OBJC_WEAK = YES;
				CLANG_WARN_BLOCK_CAPTURE_AUTORELEASING = YES;
				CLANG_WARN_BOOL_CONVERSION = YES;
				CLANG_WARN_COMMA = YES;
				CLANG_WARN_CONSTANT_CONVERSION = YES;
				CLANG_WARN_DEPRECATED_OBJC_IMPLEMENTATIONS = YES;
				CLANG_WARN_DIRECT_OBJC_ISA_USAGE = YES_ERROR;
				CLANG_WARN_DOCUMENTATION_COMMENTS = YES;
				CLANG_WARN_EMPTY_BODY = YES;
				CLANG_WARN_ENUM_CONVERSION = YES;
				CLANG_WARN_INFINITE_RECURSION = YES;
				CLANG_WARN_INT_CONVERSION = YES;
				CLANG_WARN_NON_LITERAL_NULL_CONVERSION = YES;
				CLANG_WARN_OBJC_IMPLICIT_RETAIN_SELF = YES;
				CLANG_WARN_OBJC_LITERAL_CONVERSION = YES;
				CLANG_WARN_OBJC_ROOT_CLASS = YES_ERROR;
				CLANG_WARN_RANGE_LOOP_ANALYSIS = YES;
				CLANG_WARN_STRICT_PROTOTYPES = YES;
				CLANG_WARN_SUSPICIOUS_MOVE = YES;
				CLANG_WARN_UNGUARDED_AVAILABILITY = YES_AGGRESSIVE;
				CLANG_WARN_UNREACHABLE_CODE = YES;
				CLANG_WARN__DUPLICATE_METHOD_MATCH = YES;
				CODE_SIGN_IDENTITY = "iPhone Developer";
				COPY_PHASE_STRIP = NO;
				DEBUG_INFORMATION_FORMAT = "dwarf-with-dsym";
				ENABLE_NS_ASSERTIONS = NO;
				ENABLE_STRICT_OBJC_MSGSEND = YES;
				GCC_C_LANGUAGE_STANDARD = gnu11;
				GCC_NO_COMMON_BLOCKS = YES;
				GCC_WARN_64_TO_32_BIT_CONVERSION = YES;
				GCC_WARN_ABOUT_RETURN_TYPE = YES_ERROR;
				GCC_WARN_UNDECLARED_SELECTOR = YES;
				GCC_WARN_UNINITIALIZED_AUTOS = YES_AGGRESSIVE;
				GCC_WARN_UNUSED_FUNCTION = YES;
				GCC_WARN_UNUSED_VARIABLE = YES;
				IPHONEOS_DEPLOYMENT_TARGET = 11.3;
				MTL_ENABLE_DEBUG_INFO = NO;
				SDKROOT = iphoneos;
				SWIFT_COMPILATION_MODE = wholemodule;
				SWIFT_OPTIMIZATION_LEVEL = "-O";
				VALIDATE_PRODUCT = YES;
			};
			name = Release;
		};
		22C92D4E209B75FB00B4AC9E /* Debug */ = {
			isa = XCBuildConfiguration;
			buildSettings = {
				ASSETCATALOG_COMPILER_COMPLICATION_NAME = Complication;
				CODE_SIGN_STYLE = Automatic;
				DEVELOPMENT_TEAM = 6N8K56GN3V;
				INFOPLIST_FILE = "game7 WatchKit Extension/Info.plist";
				LD_RUNPATH_SEARCH_PATHS = (
					"$(inherited)",
					"@executable_path/Frameworks",
					"@executable_path/../../Frameworks",
				);
				PRODUCT_BUNDLE_IDENTIFIER = schoschana.game7.watchkitapp.watchkitextension;
				PRODUCT_NAME = "${TARGET_NAME}";
				SDKROOT = watchos;
				SKIP_INSTALL = YES;
				SWIFT_VERSION = 4.0;
				TARGETED_DEVICE_FAMILY = 4;
				WATCHOS_DEPLOYMENT_TARGET = 4.3;
			};
			name = Debug;
		};
		22C92D4F209B75FB00B4AC9E /* Release */ = {
			isa = XCBuildConfiguration;
			buildSettings = {
				ASSETCATALOG_COMPILER_COMPLICATION_NAME = Complication;
				CODE_SIGN_STYLE = Automatic;
				DEVELOPMENT_TEAM = 6N8K56GN3V;
				INFOPLIST_FILE = "game7 WatchKit Extension/Info.plist";
				LD_RUNPATH_SEARCH_PATHS = (
					"$(inherited)",
					"@executable_path/Frameworks",
					"@executable_path/../../Frameworks",
				);
				PRODUCT_BUNDLE_IDENTIFIER = schoschana.game7.watchkitapp.watchkitextension;
				PRODUCT_NAME = "${TARGET_NAME}";
				SDKROOT = watchos;
				SKIP_INSTALL = YES;
				SWIFT_VERSION = 4.0;
				TARGETED_DEVICE_FAMILY = 4;
				WATCHOS_DEPLOYMENT_TARGET = 4.3;
			};
			name = Release;
		};
		22C92D52209B75FB00B4AC9E /* Debug */ = {
			isa = XCBuildConfiguration;
			buildSettings = {
				ALWAYS_EMBED_SWIFT_STANDARD_LIBRARIES = YES;
				ASSETCATALOG_COMPILER_APPICON_NAME = AppIcon;
				CODE_SIGN_STYLE = Automatic;
				DEVELOPMENT_TEAM = 6N8K56GN3V;
				IBSC_MODULE = game7_WatchKit_Extension;
				INFOPLIST_FILE = "game7 WatchKit App/Info.plist";
				PRODUCT_BUNDLE_IDENTIFIER = schoschana.game7.watchkitapp;
				PRODUCT_NAME = "$(TARGET_NAME)";
				SDKROOT = watchos;
				SKIP_INSTALL = YES;
				SWIFT_VERSION = 4.0;
				TARGETED_DEVICE_FAMILY = 4;
				WATCHOS_DEPLOYMENT_TARGET = 4.3;
			};
			name = Debug;
		};
		22C92D53209B75FB00B4AC9E /* Release */ = {
			isa = XCBuildConfiguration;
			buildSettings = {
				ALWAYS_EMBED_SWIFT_STANDARD_LIBRARIES = YES;
				ASSETCATALOG_COMPILER_APPICON_NAME = AppIcon;
				CODE_SIGN_STYLE = Automatic;
				DEVELOPMENT_TEAM = 6N8K56GN3V;
				IBSC_MODULE = game7_WatchKit_Extension;
				INFOPLIST_FILE = "game7 WatchKit App/Info.plist";
				PRODUCT_BUNDLE_IDENTIFIER = schoschana.game7.watchkitapp;
				PRODUCT_NAME = "$(TARGET_NAME)";
				SDKROOT = watchos;
				SKIP_INSTALL = YES;
				SWIFT_VERSION = 4.0;
				TARGETED_DEVICE_FAMILY = 4;
				WATCHOS_DEPLOYMENT_TARGET = 4.3;
			};
			name = Release;
		};
		22C92D56209B75FB00B4AC9E /* Debug */ = {
			isa = XCBuildConfiguration;
			buildSettings = {
				ASSETCATALOG_COMPILER_APPICON_NAME = AppIcon;
				CODE_SIGN_STYLE = Automatic;
				DEVELOPMENT_TEAM = 6N8K56GN3V;
				INFOPLIST_FILE = game7/Info.plist;
				LD_RUNPATH_SEARCH_PATHS = (
					"$(inherited)",
					"@executable_path/Frameworks",
				);
				PRODUCT_BUNDLE_IDENTIFIER = schoschana.game7;
				PRODUCT_NAME = "$(TARGET_NAME)";
				SWIFT_VERSION = 4.0;
				TARGETED_DEVICE_FAMILY = "1,2";
			};
			name = Debug;
		};
		22C92D57209B75FB00B4AC9E /* Release */ = {
			isa = XCBuildConfiguration;
			buildSettings = {
				ASSETCATALOG_COMPILER_APPICON_NAME = AppIcon;
				CODE_SIGN_STYLE = Automatic;
				DEVELOPMENT_TEAM = 6N8K56GN3V;
				INFOPLIST_FILE = game7/Info.plist;
				LD_RUNPATH_SEARCH_PATHS = (
					"$(inherited)",
					"@executable_path/Frameworks",
				);
				PRODUCT_BUNDLE_IDENTIFIER = schoschana.game7;
				PRODUCT_NAME = "$(TARGET_NAME)";
				SWIFT_VERSION = 4.0;
				TARGETED_DEVICE_FAMILY = "1,2";
			};
			name = Release;
		};
/* End XCBuildConfiguration section */

/* Begin XCConfigurationList section */
		22C92D19209B75F800B4AC9E /* Build configuration list for PBXProject "game7" */ = {
			isa = XCConfigurationList;
			buildConfigurations = (
				22C92D4B209B75FB00B4AC9E /* Debug */,
				22C92D4C209B75FB00B4AC9E /* Release */,
			);
			defaultConfigurationIsVisible = 0;
			defaultConfigurationName = Release;
		};
		22C92D4D209B75FB00B4AC9E /* Build configuration list for PBXNativeTarget "game7 WatchKit Extension" */ = {
			isa = XCConfigurationList;
			buildConfigurations = (
				22C92D4E209B75FB00B4AC9E /* Debug */,
				22C92D4F209B75FB00B4AC9E /* Release */,
			);
			defaultConfigurationIsVisible = 0;
			defaultConfigurationName = Release;
		};
		22C92D51209B75FB00B4AC9E /* Build configuration list for PBXNativeTarget "game7 WatchKit App" */ = {
			isa = XCConfigurationList;
			buildConfigurations = (
				22C92D52209B75FB00B4AC9E /* Debug */,
				22C92D53209B75FB00B4AC9E /* Release */,
			);
			defaultConfigurationIsVisible = 0;
			defaultConfigurationName = Release;
		};
		22C92D55209B75FB00B4AC9E /* Build configuration list for PBXNativeTarget "game7" */ = {
			isa = XCConfigurationList;
			buildConfigurations = (
				22C92D56209B75FB00B4AC9E /* Debug */,
				22C92D57209B75FB00B4AC9E /* Release */,
			);
			defaultConfigurationIsVisible = 0;
			defaultConfigurationName = Release;
		};
/* End XCConfigurationList section */
	};
	rootObject = 22C92D16209B75F800B4AC9E /* Project object */;
}
